
Microsoft Visual Studio Solution File, Format Version 12.00
# Visual Studio Version 17
VisualStudioVersion = 17.14.36717.8 d17.14
MinimumVisualStudioVersion = 10.0.40219.1
Project("{8BC9CEB8-8B4A-11D0-8D11-00A0C91BC942}") = "1.40ClaudePointersNMath", "1.40ClaudePointersNMath\1.40ClaudePointersNMath.vcxproj", "{933978C5-0E7A-43D7-BAE5-23816A2B4136}"
EndProject
Global
	GlobalSection(SolutionConfigurationPlatforms) = preSolution
		Debug|x64 = Debug|x64
		Debug|x86 = Debug|x86
		Release|x64 = Release|x64
		Release|x86 = Release|x86
	EndGlobalSection
	GlobalSection(ProjectConfigurationPlatforms) = postSolution
		{933978C5-0E7A-43D7-BAE5-23816A2B4136}.Debug|x64.ActiveCfg = Debug|x64
		{933978C5-0E7A-43D7-BAE5-23816A2B4136}.Debug|x64.Build.0 = Debug|x64
		{933978C5-0E7A-43D7-BAE5-23816A2B4136}.Debug|x86.ActiveCfg = Debug|Win32
		{933978C5-0E7A-43D7-BAE5-23816A2B4136}.Debug|x86.Build.0 = Debug|Win32
		{933978C5-0E7A-43D7-BAE5-23816A2B4136}.Release|x64.ActiveCfg = Release|x64
		{933978C5-0E7A-43D7-BAE5-23816A2B4136}.Release|x64.Build.0 = Release|x64
		{933978C5-0E7A-43D7-BAE5-23816A2B4136}.Release|x86.ActiveCfg = Release|Win32
		{933978C5-0E7A-43D7-BAE5-23816A2B4136}.Release|x86.Build.0 = Release|Win32
	EndGlobalSection
	GlobalSection(SolutionProperties) = preSolution
		HideSolutionNode = FALSE
	EndGlobalSection
	GlobalSection(ExtensibilityGlobals) = postSolution
		SolutionGuid = {EB4CC582-1EC9-411A-AD46-F6B02A73BD0C}
	EndGlobalSection
EndGlobal
